
Microsoft Visual Studio Solution File, Format Version 12.00
# Visual Studio 14
VisualStudioVersion = 14.0.24720.0
MinimumVisualStudioVersion = 10.0.40219.1
Project("{F2A71F9B-5D33-465A-A702-920D77279786}") = "sif-scanner-dotnet", "sif-scanner-dotnet\sif-scanner-dotnet.fsproj", "{DE1A6BF7-81D9-4B08-876C-B0C2DD4A7B22}"
EndProject
Global
	GlobalSection(SolutionConfigurationPlatforms) = preSolution
		Debug|Any CPU = Debug|Any CPU
		Release|Any CPU = Release|Any CPU
	EndGlobalSection
	GlobalSection(ProjectConfigurationPlatforms) = postSolution
		{DE1A6BF7-81D9-4B08-876C-B0C2DD4A7B22}.Debug|Any CPU.ActiveCfg = Debug|Any CPU
		{DE1A6BF7-81D9-4B08-876C-B0C2DD4A7B22}.Debug|Any CPU.Build.0 = Debug|Any CPU
		{DE1A6BF7-81D9-4B08-876C-B0C2DD4A7B22}.Release|Any CPU.ActiveCfg = Release|Any CPU
		{DE1A6BF7-81D9-4B08-876C-B0C2DD4A7B22}.Release|Any CPU.Build.0 = Release|Any CPU
	EndGlobalSection
	GlobalSection(SolutionProperties) = preSolution
		HideSolutionNode = FALSE
	EndGlobalSection
EndGlobal
